
Microsoft Visual Studio Solution File, Format Version 12.00
# Visual Studio Version 16
VisualStudioVersion = 16.0.30523.141
MinimumVisualStudioVersion = 10.0.40219.1
Project("{9A19103F-16F7-4668-BE54-9A1E7A4F7556}") = "MS_Insumos", "MS_Insumos\MS_Insumos.csproj", "{1FCD115A-1CC6-43FE-B06D-0C1EB08E28B3}"
EndProject
Project("{9A19103F-16F7-4668-BE54-9A1E7A4F7556}") = "MS_Usuarios", "MS_Usuarios\MS_Usuarios.csproj", "{E1FFF8A4-B305-42AE-9809-E8C140C31C74}"
EndProject
Project("{9A19103F-16F7-4668-BE54-9A1E7A4F7556}") = "MS_Seguimiento_Pedidos", "MS_Seguimiento_Pedidos\MS_Seguimiento_Pedidos.csproj", "{B6EBE00F-C55E-42EA-BA59-893031755E8C}"
EndProject
Project("{9A19103F-16F7-4668-BE54-9A1E7A4F7556}") = "MS_Facturacion", "MS_Facturacion\MS_Facturacion.csproj", "{73E86A79-EC73-4845-BD92-F17120A0BCF6}"
EndProject
Project("{2150E333-8FDC-42A3-9474-1A3956D46DE8}") = "Microservicios", "Microservicios", "{C2DCBFFD-7337-46C0-8B9E-D36ADEDF6FAF}"
EndProject
Project("{9A19103F-16F7-4668-BE54-9A1E7A4F7556}") = "MS_PQR", "MS_PQR\MS_PQR.csproj", "{CBDAA651-FBDC-4379-AB13-6AE1EFE23859}"
EndProject
Project("{FAE04EC0-301F-11D3-BF4B-00C04F79EFBC}") = "Getawey.WebApi", "Getawey.WebApi\Getawey.WebApi.csproj", "{7905FE99-5ED3-434C-BEB6-7A573B6926C1}"
EndProject
Global
	GlobalSection(SolutionConfigurationPlatforms) = preSolution
		Debug|Any CPU = Debug|Any CPU
		Release|Any CPU = Release|Any CPU
	EndGlobalSection
	GlobalSection(ProjectConfigurationPlatforms) = postSolution
		{1FCD115A-1CC6-43FE-B06D-0C1EB08E28B3}.Debug|Any CPU.ActiveCfg = Debug|Any CPU
		{1FCD115A-1CC6-43FE-B06D-0C1EB08E28B3}.Debug|Any CPU.Build.0 = Debug|Any CPU
		{1FCD115A-1CC6-43FE-B06D-0C1EB08E28B3}.Release|Any CPU.ActiveCfg = Release|Any CPU
		{1FCD115A-1CC6-43FE-B06D-0C1EB08E28B3}.Release|Any CPU.Build.0 = Release|Any CPU
		{E1FFF8A4-B305-42AE-9809-E8C140C31C74}.Debug|Any CPU.ActiveCfg = Debug|Any CPU
		{E1FFF8A4-B305-42AE-9809-E8C140C31C74}.Debug|Any CPU.Build.0 = Debug|Any CPU
		{E1FFF8A4-B305-42AE-9809-E8C140C31C74}.Release|Any CPU.ActiveCfg = Release|Any CPU
		{E1FFF8A4-B305-42AE-9809-E8C140C31C74}.Release|Any CPU.Build.0 = Release|Any CPU
		{B6EBE00F-C55E-42EA-BA59-893031755E8C}.Debug|Any CPU.ActiveCfg = Debug|Any CPU
		{B6EBE00F-C55E-42EA-BA59-893031755E8C}.Debug|Any CPU.Build.0 = Debug|Any CPU
		{B6EBE00F-C55E-42EA-BA59-893031755E8C}.Release|Any CPU.ActiveCfg = Release|Any CPU
		{B6EBE00F-C55E-42EA-BA59-893031755E8C}.Release|Any CPU.Build.0 = Release|Any CPU
		{73E86A79-EC73-4845-BD92-F17120A0BCF6}.Debug|Any CPU.ActiveCfg = Debug|Any CPU
		{73E86A79-EC73-4845-BD92-F17120A0BCF6}.Debug|Any CPU.Build.0 = Debug|Any CPU
		{73E86A79-EC73-4845-BD92-F17120A0BCF6}.Release|Any CPU.ActiveCfg = Release|Any CPU
		{73E86A79-EC73-4845-BD92-F17120A0BCF6}.Release|Any CPU.Build.0 = Release|Any CPU
		{CBDAA651-FBDC-4379-AB13-6AE1EFE23859}.Debug|Any CPU.ActiveCfg = Debug|Any CPU
		{CBDAA651-FBDC-4379-AB13-6AE1EFE23859}.Debug|Any CPU.Build.0 = Debug|Any CPU
		{CBDAA651-FBDC-4379-AB13-6AE1EFE23859}.Release|Any CPU.ActiveCfg = Release|Any CPU
		{CBDAA651-FBDC-4379-AB13-6AE1EFE23859}.Release|Any CPU.Build.0 = Release|Any CPU
		{7905FE99-5ED3-434C-BEB6-7A573B6926C1}.Debug|Any CPU.ActiveCfg = Debug|Any CPU
		{7905FE99-5ED3-434C-BEB6-7A573B6926C1}.Debug|Any CPU.Build.0 = Debug|Any CPU
		{7905FE99-5ED3-434C-BEB6-7A573B6926C1}.Release|Any CPU.ActiveCfg = Release|Any CPU
		{7905FE99-5ED3-434C-BEB6-7A573B6926C1}.Release|Any CPU.Build.0 = Release|Any CPU
	EndGlobalSection
	GlobalSection(SolutionProperties) = preSolution
		HideSolutionNode = FALSE
	EndGlobalSection
	GlobalSection(NestedProjects) = preSolution
		{1FCD115A-1CC6-43FE-B06D-0C1EB08E28B3} = {C2DCBFFD-7337-46C0-8B9E-D36ADEDF6FAF}
		{E1FFF8A4-B305-42AE-9809-E8C140C31C74} = {C2DCBFFD-7337-46C0-8B9E-D36ADEDF6FAF}
		{B6EBE00F-C55E-42EA-BA59-893031755E8C} = {C2DCBFFD-7337-46C0-8B9E-D36ADEDF6FAF}
		{73E86A79-EC73-4845-BD92-F17120A0BCF6} = {C2DCBFFD-7337-46C0-8B9E-D36ADEDF6FAF}
		{CBDAA651-FBDC-4379-AB13-6AE1EFE23859} = {C2DCBFFD-7337-46C0-8B9E-D36ADEDF6FAF}
	EndGlobalSection
	GlobalSection(ExtensibilityGlobals) = postSolution
		SolutionGuid = {B953E71E-B887-41DF-8F77-7BCF1ACE671A}
	EndGlobalSection
EndGlobal
